
Microsoft Visual Studio Solution File, Format Version 12.00
# Visual Studio Version 16
VisualStudioVersion = 16.0.29728.190
MinimumVisualStudioVersion = 10.0.40219.1
Project("{9A19103F-16F7-4668-BE54-9A1E7A4F7556}") = "Tftp.Net", "Tftp.Net\Tftp.Net.csproj", "{A3F0DE15-AC97-428D-830C-4F9721EE3627}"
EndProject
Global
	GlobalSection(SolutionConfigurationPlatforms) = preSolution
		Debug|Any CPU = Debug|Any CPU
		Debug|Mixed Platforms = Debug|Mixed Platforms
		Debug|x86 = Debug|x86
		Release|Any CPU = Release|Any CPU
		Release|Mixed Platforms = Release|Mixed Platforms
		Release|x86 = Release|x86
	EndGlobalSection
	GlobalSection(ProjectConfigurationPlatforms) = postSolution
		{A3F0DE15-AC97-428D-830C-4F9721EE3627}.Debug|Any CPU.ActiveCfg = Debug|Any CPU
		{A3F0DE15-AC97-428D-830C-4F9721EE3627}.Debug|Any CPU.Build.0 = Debug|Any CPU
		{A3F0DE15-AC97-428D-830C-4F9721EE3627}.Debug|Mixed Platforms.ActiveCfg = Debug|Any CPU
		{A3F0DE15-AC97-428D-830C-4F9721EE3627}.Debug|Mixed Platforms.Build.0 = Debug|Any CPU
		{A3F0DE15-AC97-428D-830C-4F9721EE3627}.Debug|x86.ActiveCfg = Debug|Any CPU
		{A3F0DE15-AC97-428D-830C-4F9721EE3627}.Release|Any CPU.ActiveCfg = Release|Any CPU
		{A3F0DE15-AC97-428D-830C-4F9721EE3627}.Release|Any CPU.Build.0 = Release|Any CPU
		{A3F0DE15-AC97-428D-830C-4F9721EE3627}.Release|Mixed Platforms.ActiveCfg = Release|Any CPU
		{A3F0DE15-AC97-428D-830C-4F9721EE3627}.Release|Mixed Platforms.Build.0 = Release|Any CPU
		{A3F0DE15-AC97-428D-830C-4F9721EE3627}.Release|x86.ActiveCfg = Release|Any CPU
	EndGlobalSection
	GlobalSection(SolutionProperties) = preSolution
		HideSolutionNode = FALSE
	EndGlobalSection
	GlobalSection(ExtensibilityGlobals) = postSolution
		SolutionGuid = {BDBCC567-6C1A-4CE2-BFAA-496F5DD2342A}
	EndGlobalSection
EndGlobal
